
Microsoft Visual Studio Solution File, Format Version 12.00
# Visual Studio Version 17
VisualStudioVersion = 17.4.33213.308
MinimumVisualStudioVersion = 10.0.40219.1
Project("{FAE04EC0-301F-11D3-BF4B-00C04F79EFBC}") = "Model2Model", "Model2Model.csproj", "{41183D38-DDC2-4FAB-8E32-4AC33D3114CC}"
EndProject
Global
	GlobalSection(SolutionConfigurationPlatforms) = preSolution
		Debug|Any CPU = Debug|Any CPU
		Release|Any CPU = Release|Any CPU
	EndGlobalSection
	GlobalSection(ProjectConfigurationPlatforms) = postSolution
		{41183D38-DDC2-4FAB-8E32-4AC33D3114CC}.Debug|Any CPU.ActiveCfg = Debug|Any CPU
		{41183D38-DDC2-4FAB-8E32-4AC33D3114CC}.Debug|Any CPU.Build.0 = Debug|Any CPU
		{41183D38-DDC2-4FAB-8E32-4AC33D3114CC}.Release|Any CPU.ActiveCfg = Release|Any CPU
		{41183D38-DDC2-4FAB-8E32-4AC33D3114CC}.Release|Any CPU.Build.0 = Release|Any CPU
	EndGlobalSection
	GlobalSection(SolutionProperties) = preSolution
		HideSolutionNode = FALSE
	EndGlobalSection
	GlobalSection(ExtensibilityGlobals) = postSolution
		SolutionGuid = {3951C07B-3180-4D5C-9900-48CDE31721AC}
	EndGlobalSection
EndGlobal
